
Microsoft Visual Studio Solution File, Format Version 12.00
# Visual Studio Version 17
VisualStudioVersion = 17.7.34031.279
MinimumVisualStudioVersion = 10.0.40219.1
Project("{FAE04EC0-301F-11D3-BF4B-00C04F79EFBC}") = "FormFor11", "FormFor11\FormFor11.csproj", "{55EE582D-0C60-4E3B-9736-C27A640D5189}"
EndProject
Global
	GlobalSection(SolutionConfigurationPlatforms) = preSolution
		Debug|Any CPU = Debug|Any CPU
		Release|Any CPU = Release|Any CPU
	EndGlobalSection
	GlobalSection(ProjectConfigurationPlatforms) = postSolution
		{55EE582D-0C60-4E3B-9736-C27A640D5189}.Debug|Any CPU.ActiveCfg = Debug|Any CPU
		{55EE582D-0C60-4E3B-9736-C27A640D5189}.Debug|Any CPU.Build.0 = Debug|Any CPU
		{55EE582D-0C60-4E3B-9736-C27A640D5189}.Release|Any CPU.ActiveCfg = Release|Any CPU
		{55EE582D-0C60-4E3B-9736-C27A640D5189}.Release|Any CPU.Build.0 = Release|Any CPU
	EndGlobalSection
	GlobalSection(SolutionProperties) = preSolution
		HideSolutionNode = FALSE
	EndGlobalSection
	GlobalSection(ExtensibilityGlobals) = postSolution
		SolutionGuid = {719E15A6-E536-4501-B2CB-64974AA072C5}
	EndGlobalSection
EndGlobal
